
Microsoft Visual Studio Solution File, Format Version 12.00
# Visual Studio 14
VisualStudioVersion = 14.0.25420.1
MinimumVisualStudioVersion = 10.0.40219.1
Project("{FAE04EC0-301F-11D3-BF4B-00C04F79EFBC}") = "SolutionLaurbaer", "SolutionLaurbaer\SolutionLaurbaer.csproj", "{94878228-018B-4FD5-99FC-D30A49D59383}"
EndProject
Project("{FAE04EC0-301F-11D3-BF4B-00C04F79EFBC}") = "TranslatorBankXML", "TranslatorBankXML\TranslatorBankXML.csproj", "{6833D147-AE5C-4995-94C5-47576190EB4F}"
EndProject
Project("{FAE04EC0-301F-11D3-BF4B-00C04F79EFBC}") = "Normalizer", "Normalizer\Normalizer.csproj", "{4DE79B6C-A395-4657-AA28-B7A53167B32F}"
EndProject
Project("{FAE04EC0-301F-11D3-BF4B-00C04F79EFBC}") = "TranslatorJsonBank", "TranslatorJsonBank\TranslatorJsonBank.csproj", "{439969AB-0B52-40A5-A0E8-2BEB442D145D}"
EndProject
Project("{FAE04EC0-301F-11D3-BF4B-00C04F79EFBC}") = "RecipList", "RecipList\RecipList.csproj", "{A247AFA3-C95A-414C-8DEB-1D1866B09CAB}"
EndProject
Project("{FAE04EC0-301F-11D3-BF4B-00C04F79EFBC}") = "Aggregator", "Aggregator\Aggregator.csproj", "{56BC27B8-3B64-40B5-A683-BA012AEA6893}"
EndProject
Project("{FAE04EC0-301F-11D3-BF4B-00C04F79EFBC}") = "CreditScoreEnricher", "CreditScoreEnricher\CreditScoreEnricher.csproj", "{C14CEBD8-F26C-4365-9729-60B6A1678E5E}"
EndProject
Project("{FAE04EC0-301F-11D3-BF4B-00C04F79EFBC}") = "BankEnricher", "BankEnricher\BankEnricher.csproj", "{D71C8281-B00B-464A-8889-47AABCD1419E}"
EndProject
Project("{E24C65DC-7377-472B-9ABA-BC803B73C61A}") = "BankWebService", "..\..\..\Documents\Visual Studio 2015\WebSites\BankWebService\", "{80E28511-7E34-4A83-BAE3-913285788EC7}"
	ProjectSection(WebsiteProperties) = preProject
		TargetFrameworkMoniker = ".NETFramework,Version%3Dv4.6.1"
		Debug.AspNetCompiler.VirtualPath = "/localhost_53129"
		Debug.AspNetCompiler.PhysicalPath = "..\..\..\Documents\Visual Studio 2015\WebSites\BankWebService\"
		Debug.AspNetCompiler.TargetPath = "PrecompiledWeb\localhost_53129\"
		Debug.AspNetCompiler.Updateable = "true"
		Debug.AspNetCompiler.ForceOverwrite = "true"
		Debug.AspNetCompiler.FixedNames = "false"
		Debug.AspNetCompiler.Debug = "True"
		Release.AspNetCompiler.VirtualPath = "/localhost_53129"
		Release.AspNetCompiler.PhysicalPath = "..\..\..\Documents\Visual Studio 2015\WebSites\BankWebService\"
		Release.AspNetCompiler.TargetPath = "PrecompiledWeb\localhost_53129\"
		Release.AspNetCompiler.Updateable = "true"
		Release.AspNetCompiler.ForceOverwrite = "true"
		Release.AspNetCompiler.FixedNames = "false"
		Release.AspNetCompiler.Debug = "False"
		VWDPort = "53129"
		SlnRelativePath = "..\..\..\Documents\Visual Studio 2015\WebSites\BankWebService\"
		DefaultWebSiteLanguage = "Visual C#"
	EndProjectSection
EndProject
Global
	GlobalSection(SolutionConfigurationPlatforms) = preSolution
		Debug|Any CPU = Debug|Any CPU
		Release|Any CPU = Release|Any CPU
	EndGlobalSection
	GlobalSection(ProjectConfigurationPlatforms) = postSolution
		{94878228-018B-4FD5-99FC-D30A49D59383}.Debug|Any CPU.ActiveCfg = Debug|Any CPU
		{94878228-018B-4FD5-99FC-D30A49D59383}.Debug|Any CPU.Build.0 = Debug|Any CPU
		{94878228-018B-4FD5-99FC-D30A49D59383}.Release|Any CPU.ActiveCfg = Release|Any CPU
		{94878228-018B-4FD5-99FC-D30A49D59383}.Release|Any CPU.Build.0 = Release|Any CPU
		{6833D147-AE5C-4995-94C5-47576190EB4F}.Debug|Any CPU.ActiveCfg = Debug|Any CPU
		{6833D147-AE5C-4995-94C5-47576190EB4F}.Debug|Any CPU.Build.0 = Debug|Any CPU
		{6833D147-AE5C-4995-94C5-47576190EB4F}.Release|Any CPU.ActiveCfg = Release|Any CPU
		{6833D147-AE5C-4995-94C5-47576190EB4F}.Release|Any CPU.Build.0 = Release|Any CPU
		{4DE79B6C-A395-4657-AA28-B7A53167B32F}.Debug|Any CPU.ActiveCfg = Debug|Any CPU
		{4DE79B6C-A395-4657-AA28-B7A53167B32F}.Debug|Any CPU.Build.0 = Debug|Any CPU
		{4DE79B6C-A395-4657-AA28-B7A53167B32F}.Release|Any CPU.ActiveCfg = Release|Any CPU
		{4DE79B6C-A395-4657-AA28-B7A53167B32F}.Release|Any CPU.Build.0 = Release|Any CPU
		{439969AB-0B52-40A5-A0E8-2BEB442D145D}.Debug|Any CPU.ActiveCfg = Debug|Any CPU
		{439969AB-0B52-40A5-A0E8-2BEB442D145D}.Debug|Any CPU.Build.0 = Debug|Any CPU
		{439969AB-0B52-40A5-A0E8-2BEB442D145D}.Release|Any CPU.ActiveCfg = Release|Any CPU
		{439969AB-0B52-40A5-A0E8-2BEB442D145D}.Release|Any CPU.Build.0 = Release|Any CPU
		{A247AFA3-C95A-414C-8DEB-1D1866B09CAB}.Debug|Any CPU.ActiveCfg = Debug|Any CPU
		{A247AFA3-C95A-414C-8DEB-1D1866B09CAB}.Debug|Any CPU.Build.0 = Debug|Any CPU
		{A247AFA3-C95A-414C-8DEB-1D1866B09CAB}.Release|Any CPU.ActiveCfg = Release|Any CPU
		{A247AFA3-C95A-414C-8DEB-1D1866B09CAB}.Release|Any CPU.Build.0 = Release|Any CPU
		{56BC27B8-3B64-40B5-A683-BA012AEA6893}.Debug|Any CPU.ActiveCfg = Debug|Any CPU
		{56BC27B8-3B64-40B5-A683-BA012AEA6893}.Debug|Any CPU.Build.0 = Debug|Any CPU
		{56BC27B8-3B64-40B5-A683-BA012AEA6893}.Release|Any CPU.ActiveCfg = Release|Any CPU
		{56BC27B8-3B64-40B5-A683-BA012AEA6893}.Release|Any CPU.Build.0 = Release|Any CPU
		{C14CEBD8-F26C-4365-9729-60B6A1678E5E}.Debug|Any CPU.ActiveCfg = Debug|Any CPU
		{C14CEBD8-F26C-4365-9729-60B6A1678E5E}.Debug|Any CPU.Build.0 = Debug|Any CPU
		{C14CEBD8-F26C-4365-9729-60B6A1678E5E}.Release|Any CPU.ActiveCfg = Release|Any CPU
		{C14CEBD8-F26C-4365-9729-60B6A1678E5E}.Release|Any CPU.Build.0 = Release|Any CPU
		{D71C8281-B00B-464A-8889-47AABCD1419E}.Debug|Any CPU.ActiveCfg = Debug|Any CPU
		{D71C8281-B00B-464A-8889-47AABCD1419E}.Debug|Any CPU.Build.0 = Debug|Any CPU
		{D71C8281-B00B-464A-8889-47AABCD1419E}.Release|Any CPU.ActiveCfg = Release|Any CPU
		{D71C8281-B00B-464A-8889-47AABCD1419E}.Release|Any CPU.Build.0 = Release|Any CPU
		{80E28511-7E34-4A83-BAE3-913285788EC7}.Debug|Any CPU.ActiveCfg = Debug|Any CPU
		{80E28511-7E34-4A83-BAE3-913285788EC7}.Debug|Any CPU.Build.0 = Debug|Any CPU
		{80E28511-7E34-4A83-BAE3-913285788EC7}.Release|Any CPU.ActiveCfg = Debug|Any CPU
		{80E28511-7E34-4A83-BAE3-913285788EC7}.Release|Any CPU.Build.0 = Debug|Any CPU
	EndGlobalSection
	GlobalSection(SolutionProperties) = preSolution
		HideSolutionNode = FALSE
	EndGlobalSection
EndGlobal
