
Microsoft Visual Studio Solution File, Format Version 12.00
# Visual Studio 14
VisualStudioVersion = 14.0.25420.1
MinimumVisualStudioVersion = 10.0.40219.1
Project("{FAE04EC0-301F-11D3-BF4B-00C04F79EFBC}") = "SolutionLaurbaer", "SolutionLaurbaer\SolutionLaurbaer.csproj", "{94878228-018B-4FD5-99FC-D30A49D59383}"
EndProject
Project("{FAE04EC0-301F-11D3-BF4B-00C04F79EFBC}") = "Normalizer", "Normalizer\Normalizer.csproj", "{4DE79B6C-A395-4657-AA28-B7A53167B32F}"
EndProject
Project("{FAE04EC0-301F-11D3-BF4B-00C04F79EFBC}") = "RecipList", "RecipList\RecipList.csproj", "{A247AFA3-C95A-414C-8DEB-1D1866B09CAB}"
EndProject
Project("{FAE04EC0-301F-11D3-BF4B-00C04F79EFBC}") = "Aggregator", "Aggregator\Aggregator.csproj", "{56BC27B8-3B64-40B5-A683-BA012AEA6893}"
EndProject
Project("{FAE04EC0-301F-11D3-BF4B-00C04F79EFBC}") = "SoapWebService", "SoapWebService\SoapWebService.csproj", "{06335D90-F9FE-476A-8598-1F09C7FB1D86}"
EndProject
Global
	GlobalSection(SolutionConfigurationPlatforms) = preSolution
		Debug|Any CPU = Debug|Any CPU
		Release|Any CPU = Release|Any CPU
	EndGlobalSection
	GlobalSection(ProjectConfigurationPlatforms) = postSolution
		{94878228-018B-4FD5-99FC-D30A49D59383}.Debug|Any CPU.ActiveCfg = Debug|Any CPU
		{94878228-018B-4FD5-99FC-D30A49D59383}.Debug|Any CPU.Build.0 = Debug|Any CPU
		{94878228-018B-4FD5-99FC-D30A49D59383}.Release|Any CPU.ActiveCfg = Release|Any CPU
		{94878228-018B-4FD5-99FC-D30A49D59383}.Release|Any CPU.Build.0 = Release|Any CPU
		{4DE79B6C-A395-4657-AA28-B7A53167B32F}.Debug|Any CPU.ActiveCfg = Debug|Any CPU
		{4DE79B6C-A395-4657-AA28-B7A53167B32F}.Debug|Any CPU.Build.0 = Debug|Any CPU
		{4DE79B6C-A395-4657-AA28-B7A53167B32F}.Release|Any CPU.ActiveCfg = Release|Any CPU
		{4DE79B6C-A395-4657-AA28-B7A53167B32F}.Release|Any CPU.Build.0 = Release|Any CPU
		{A247AFA3-C95A-414C-8DEB-1D1866B09CAB}.Debug|Any CPU.ActiveCfg = Debug|Any CPU
		{A247AFA3-C95A-414C-8DEB-1D1866B09CAB}.Debug|Any CPU.Build.0 = Debug|Any CPU
		{A247AFA3-C95A-414C-8DEB-1D1866B09CAB}.Release|Any CPU.ActiveCfg = Release|Any CPU
		{A247AFA3-C95A-414C-8DEB-1D1866B09CAB}.Release|Any CPU.Build.0 = Release|Any CPU
		{56BC27B8-3B64-40B5-A683-BA012AEA6893}.Debug|Any CPU.ActiveCfg = Debug|Any CPU
		{56BC27B8-3B64-40B5-A683-BA012AEA6893}.Debug|Any CPU.Build.0 = Debug|Any CPU
		{56BC27B8-3B64-40B5-A683-BA012AEA6893}.Release|Any CPU.ActiveCfg = Release|Any CPU
		{56BC27B8-3B64-40B5-A683-BA012AEA6893}.Release|Any CPU.Build.0 = Release|Any CPU
		{06335D90-F9FE-476A-8598-1F09C7FB1D86}.Debug|Any CPU.ActiveCfg = Debug|Any CPU
		{06335D90-F9FE-476A-8598-1F09C7FB1D86}.Debug|Any CPU.Build.0 = Debug|Any CPU
		{06335D90-F9FE-476A-8598-1F09C7FB1D86}.Release|Any CPU.ActiveCfg = Release|Any CPU
		{06335D90-F9FE-476A-8598-1F09C7FB1D86}.Release|Any CPU.Build.0 = Release|Any CPU
	EndGlobalSection
	GlobalSection(SolutionProperties) = preSolution
		HideSolutionNode = FALSE
	EndGlobalSection
EndGlobal
