
Microsoft Visual Studio Solution File, Format Version 12.00
# Visual Studio 14
VisualStudioVersion = 14.0.25420.1
MinimumVisualStudioVersion = 10.0.40219.1
Project("{FAE04EC0-301F-11D3-BF4B-00C04F79EFBC}") = "SolutionLaurbaer", "SolutionLaurbaer\SolutionLaurbaer.csproj", "{94878228-018B-4FD5-99FC-D30A49D59383}"
EndProject
Project("{FAE04EC0-301F-11D3-BF4B-00C04F79EFBC}") = "CreditScoreEnricher", "CreditScoreEnricher\CreditScoreEnricher.csproj", "{C14CEBD8-F26C-4365-9729-60B6A1678E5E}"
EndProject
Global
	GlobalSection(SolutionConfigurationPlatforms) = preSolution
		Debug|Any CPU = Debug|Any CPU
		Release|Any CPU = Release|Any CPU
	EndGlobalSection
	GlobalSection(ProjectConfigurationPlatforms) = postSolution
		{94878228-018B-4FD5-99FC-D30A49D59383}.Debug|Any CPU.ActiveCfg = Debug|Any CPU
		{94878228-018B-4FD5-99FC-D30A49D59383}.Debug|Any CPU.Build.0 = Debug|Any CPU
		{94878228-018B-4FD5-99FC-D30A49D59383}.Release|Any CPU.ActiveCfg = Release|Any CPU
		{94878228-018B-4FD5-99FC-D30A49D59383}.Release|Any CPU.Build.0 = Release|Any CPU
		{C14CEBD8-F26C-4365-9729-60B6A1678E5E}.Debug|Any CPU.ActiveCfg = Debug|Any CPU
		{C14CEBD8-F26C-4365-9729-60B6A1678E5E}.Debug|Any CPU.Build.0 = Debug|Any CPU
		{C14CEBD8-F26C-4365-9729-60B6A1678E5E}.Release|Any CPU.ActiveCfg = Release|Any CPU
		{C14CEBD8-F26C-4365-9729-60B6A1678E5E}.Release|Any CPU.Build.0 = Release|Any CPU
	EndGlobalSection
	GlobalSection(SolutionProperties) = preSolution
		HideSolutionNode = FALSE
	EndGlobalSection
EndGlobal
